{
  "name": "awai",
  "version": "0.0.1-alpha-1",
  "lockfileVersion": 3,
  "requires": true,
  "packages": {
    "": {
      "name": "awai",
      "version": "0.0.1-alpha-1",
      "license": "MIT",
      "devDependencies": {
        "awai": "^0.0.1-alpha-3"
      }
    },
    "node_modules/awai": {
      "version": "0.0.1-alpha-3",
      "resolved": "https://registry.npmjs.org/awai/-/awai-0.0.1-alpha-3.tgz",
      "integrity": "sha512-ijZQ8obeZ2KadretNNwj0AKICVG4GFnPVwnh9iu9usfHHSw2+fSK44UBx1wPNQc//cglxylflmBLoDqfL3p4KQ==",
      "dev": true
    }
  }
}
